
Microsoft Visual Studio Solution File, Format Version 12.00
# Visual Studio Version 17
VisualStudioVersion = 17.5.002.0
MinimumVisualStudioVersion = 10.0.40219.1
Project("{9A19103F-16F7-4668-BE54-9A1E7A4F7556}") = "clase14-pe-yosselynhernande19-25", "clase14-pe-yosselynhernande19-25.csproj", "{C8F042E5-D821-4F90-A2CE-A256CD2ECC5D}"
EndProject
Global
	GlobalSection(SolutionConfigurationPlatforms) = preSolution
		Debug|Any CPU = Debug|Any CPU
		Release|Any CPU = Release|Any CPU
	EndGlobalSection
	GlobalSection(ProjectConfigurationPlatforms) = postSolution
		{C8F042E5-D821-4F90-A2CE-A256CD2ECC5D}.Debug|Any CPU.ActiveCfg = Debug|Any CPU
		{C8F042E5-D821-4F90-A2CE-A256CD2ECC5D}.Debug|Any CPU.Build.0 = Debug|Any CPU
		{C8F042E5-D821-4F90-A2CE-A256CD2ECC5D}.Release|Any CPU.ActiveCfg = Release|Any CPU
		{C8F042E5-D821-4F90-A2CE-A256CD2ECC5D}.Release|Any CPU.Build.0 = Release|Any CPU
	EndGlobalSection
	GlobalSection(SolutionProperties) = preSolution
		HideSolutionNode = FALSE
	EndGlobalSection
	GlobalSection(ExtensibilityGlobals) = postSolution
		SolutionGuid = {4B4BAEFA-B288-40DA-9844-1720C1D0624B}
	EndGlobalSection
EndGlobal
